// !$*UTF8*$!
{
	archiveVersion = 1;
	classes = {
	};
	objectVersion = 51;
	objects = {

/* Begin PBXBuildFile section */
		325FB0C922B963C300844851 /* AppDelegate.swift in Sources */ = {isa = PBXBuildFile; fileRef = 325FB0C822B963C300844851 /* AppDelegate.swift */; };
		325FB0CB22B963C300844851 /* ViewController.swift in Sources */ = {isa = PBXBuildFile; fileRef = 325FB0CA22B963C300844851 /* ViewController.swift */; };
		325FB0CE22B963C300844851 /* Main.storyboard in Resources */ = {isa = PBXBuildFile; fileRef = 325FB0CC22B963C300844851 /* Main.storyboard */; };
		325FB0D022B963C700844851 /* Assets.xcassets in Resources */ = {isa = PBXBuildFile; fileRef = 325FB0CF22B963C700844851 /* Assets.xcassets */; };
		325FB0D322B963C700844851 /* LaunchScreen.storyboard in Resources */ = {isa = PBXBuildFile; fileRef = 325FB0D122B963C700844851 /* LaunchScreen.storyboard */; };
		325FB0DE22B963C700844851 /* swiftDDPTests.swift in Sources */ = {isa = PBXBuildFile; fileRef = 325FB0DD22B963C700844851 /* swiftDDPTests.swift */; };
		325FB0E922B963C700844851 /* swiftDDPUITests.swift in Sources */ = {isa = PBXBuildFile; fileRef = 325FB0E822B963C700844851 /* swiftDDPUITests.swift */; };
		328637C422BA7E7A00CD513C /* LoginViewController.swift in Sources */ = {isa = PBXBuildFile; fileRef = 328637C322BA7E7A00CD513C /* LoginViewController.swift */; };
		328637C622BA7E8F00CD513C /* MainViewController.swift in Sources */ = {isa = PBXBuildFile; fileRef = 328637C522BA7E8F00CD513C /* MainViewController.swift */; };
		328637C822BA7EA200CD513C /* AddPostViewController.swift in Sources */ = {isa = PBXBuildFile; fileRef = 328637C722BA7EA200CD513C /* AddPostViewController.swift */; };
		328637CA22BA84E600CD513C /* SignUpViewController.swift in Sources */ = {isa = PBXBuildFile; fileRef = 328637C922BA84E600CD513C /* SignUpViewController.swift */; };
		5DA70D6494E54EC9982013AF /* Pods_swiftDDP.framework in Frameworks */ = {isa = PBXBuildFile; fileRef = AEBCF0BCDD5BF99C5E95C094 /* Pods_swiftDDP.framework */; };
		CE0C99B3CF2679BD11A34035 /* Pods_swiftDDPTests.framework in Frameworks */ = {isa = PBXBuildFile; fileRef = BDC551F230D7B16119582B2E /* Pods_swiftDDPTests.framework */; };
		D3B9017BB782286AA174910D /* Pods_swiftDDPUITests.framework in Frameworks */ = {isa = PBXBuildFile; fileRef = A78E28FFBDFAAB056FEF8AFC /* Pods_swiftDDPUITests.framework */; };
/* End PBXBuildFile section */

/* Begin PBXContainerItemProxy section */
		325FB0DA22B963C700844851 /* PBXContainerItemProxy */ = {
			isa = PBXContainerItemProxy;
			containerPortal = 325FB0BD22B963C300844851 /* Project object */;
			proxyType = 1;
			remoteGlobalIDString = 325FB0C422B963C300844851;
			remoteInfo = swiftDDP;
		};
		325FB0E522B963C700844851 /* PBXContainerItemProxy */ = {
			isa = PBXContainerItemProxy;
			containerPortal = 325FB0BD22B963C300844851 /* Project object */;
			proxyType = 1;
			remoteGlobalIDString = 325FB0C422B963C300844851;
			remoteInfo = swiftDDP;
		};
/* End PBXContainerItemProxy section */

/* Begin PBXFileReference section */
		22BB8274811120B5A443D5C9 /* Pods-swiftDDPUITests.release.xcconfig */ = {isa = PBXFileReference; includeInIndex = 1; lastKnownFileType = text.xcconfig; name = "Pods-swiftDDPUITests.release.xcconfig"; path = "Target Support Files/Pods-swiftDDPUITests/Pods-swiftDDPUITests.release.xcconfig"; sourceTree = "<group>"; };
		325FB0C522B963C300844851 /* swiftDDP.app */ = {isa = PBXFileReference; explicitFileType = wrapper.application; includeInIndex = 0; path = swiftDDP.app; sourceTree = BUILT_PRODUCTS_DIR; };
		325FB0C822B963C300844851 /* AppDelegate.swift */ = {isa = PBXFileReference; lastKnownFileType = sourcecode.swift; path = AppDelegate.swift; sourceTree = "<group>"; };
		325FB0CA22B963C300844851 /* ViewController.swift */ = {isa = PBXFileReference; lastKnownFileType = sourcecode.swift; path = ViewController.swift; sourceTree = "<group>"; };
		325FB0CD22B963C300844851 /* Base */ = {isa = PBXFileReference; lastKnownFileType = file.storyboard; name = Base; path = Base.lproj/Main.storyboard; sourceTree = "<group>"; };
		325FB0CF22B963C700844851 /* Assets.xcassets */ = {isa = PBXFileReference; lastKnownFileType = folder.assetcatalog; path = Assets.xcassets; sourceTree = "<group>"; };
		325FB0D222B963C700844851 /* Base */ = {isa = PBXFileReference; lastKnownFileType = file.storyboard; name = Base; path = Base.lproj/LaunchScreen.storyboard; sourceTree = "<group>"; };
		325FB0D422B963C700844851 /* Info.plist */ = {isa = PBXFileReference; lastKnownFileType = text.plist.xml; path = Info.plist; sourceTree = "<group>"; };
		325FB0D922B963C700844851 /* swiftDDPTests.xctest */ = {isa = PBXFileReference; explicitFileType = wrapper.cfbundle; includeInIndex = 0; path = swiftDDPTests.xctest; sourceTree = BUILT_PRODUCTS_DIR; };
		325FB0DD22B963C700844851 /* swiftDDPTests.swift */ = {isa = PBXFileReference; lastKnownFileType = sourcecode.swift; path = swiftDDPTests.swift; sourceTree = "<group>"; };
		325FB0DF22B963C700844851 /* Info.plist */ = {isa = PBXFileReference; lastKnownFileType = text.plist.xml; path = Info.plist; sourceTree = "<group>"; };
		325FB0E422B963C700844851 /* swiftDDPUITests.xctest */ = {isa = PBXFileReference; explicitFileType = wrapper.cfbundle; includeInIndex = 0; path = swiftDDPUITests.xctest; sourceTree = BUILT_PRODUCTS_DIR; };
		325FB0E822B963C700844851 /* swiftDDPUITests.swift */ = {isa = PBXFileReference; lastKnownFileType = sourcecode.swift; path = swiftDDPUITests.swift; sourceTree = "<group>"; };
		325FB0EA22B963C700844851 /* Info.plist */ = {isa = PBXFileReference; lastKnownFileType = text.plist.xml; path = Info.plist; sourceTree = "<group>"; };
		328637C322BA7E7A00CD513C /* LoginViewController.swift */ = {isa = PBXFileReference; lastKnownFileType = sourcecode.swift; path = LoginViewController.swift; sourceTree = "<group>"; };
		328637C522BA7E8F00CD513C /* MainViewController.swift */ = {isa = PBXFileReference; lastKnownFileType = sourcecode.swift; path = MainViewController.swift; sourceTree = "<group>"; };
		328637C722BA7EA200CD513C /* AddPostViewController.swift */ = {isa = PBXFileReference; lastKnownFileType = sourcecode.swift; path = AddPostViewController.swift; sourceTree = "<group>"; };
		328637C922BA84E600CD513C /* SignUpViewController.swift */ = {isa = PBXFileReference; lastKnownFileType = sourcecode.swift; path = SignUpViewController.swift; sourceTree = "<group>"; };
		422B35A9BED92946B60A25A4 /* Pods-swiftDDPUITests.debug.xcconfig */ = {isa = PBXFileReference; includeInIndex = 1; lastKnownFileType = text.xcconfig; name = "Pods-swiftDDPUITests.debug.xcconfig"; path = "Target Support Files/Pods-swiftDDPUITests/Pods-swiftDDPUITests.debug.xcconfig"; sourceTree = "<group>"; };
		84282E36FAE9A22FB39B5CD3 /* Pods-swiftDDP.release.xcconfig */ = {isa = PBXFileReference; includeInIndex = 1; lastKnownFileType = text.xcconfig; name = "Pods-swiftDDP.release.xcconfig"; path = "Target Support Files/Pods-swiftDDP/Pods-swiftDDP.release.xcconfig"; sourceTree = "<group>"; };
		9C66DC6F0412F0C45C469264 /* Pods-swiftDDPTests.release.xcconfig */ = {isa = PBXFileReference; includeInIndex = 1; lastKnownFileType = text.xcconfig; name = "Pods-swiftDDPTests.release.xcconfig"; path = "Target Support Files/Pods-swiftDDPTests/Pods-swiftDDPTests.release.xcconfig"; sourceTree = "<group>"; };
		A78E28FFBDFAAB056FEF8AFC /* Pods_swiftDDPUITests.framework */ = {isa = PBXFileReference; explicitFileType = wrapper.framework; includeInIndex = 0; path = Pods_swiftDDPUITests.framework; sourceTree = BUILT_PRODUCTS_DIR; };
		AEBCF0BCDD5BF99C5E95C094 /* Pods_swiftDDP.framework */ = {isa = PBXFileReference; explicitFileType = wrapper.framework; includeInIndex = 0; path = Pods_swiftDDP.framework; sourceTree = BUILT_PRODUCTS_DIR; };
		BDC551F230D7B16119582B2E /* Pods_swiftDDPTests.framework */ = {isa = PBXFileReference; explicitFileType = wrapper.framework; includeInIndex = 0; path = Pods_swiftDDPTests.framework; sourceTree = BUILT_PRODUCTS_DIR; };
		D28C416A58EF853AF0B364F5 /* Pods-swiftDDP.debug.xcconfig */ = {isa = PBXFileReference; includeInIndex = 1; lastKnownFileType = text.xcconfig; name = "Pods-swiftDDP.debug.xcconfig"; path = "Target Support Files/Pods-swiftDDP/Pods-swiftDDP.debug.xcconfig"; sourceTree = "<group>"; };
		F258440E5D5438F860C94D7A /* Pods-swiftDDPTests.debug.xcconfig */ = {isa = PBXFileReference; includeInIndex = 1; lastKnownFileType = text.xcconfig; name = "Pods-swiftDDPTests.debug.xcconfig"; path = "Target Support Files/Pods-swiftDDPTests/Pods-swiftDDPTests.debug.xcconfig"; sourceTree = "<group>"; };
/* End PBXFileReference section */

/* Begin PBXFrameworksBuildPhase section */
		325FB0C222B963C300844851 /* Frameworks */ = {
			isa = PBXFrameworksBuildPhase;
			buildActionMask = 2147483647;
			files = (
				5DA70D6494E54EC9982013AF /* Pods_swiftDDP.framework in Frameworks */,
			);
			runOnlyForDeploymentPostprocessing = 0;
		};
		325FB0D622B963C700844851 /* Frameworks */ = {
			isa = PBXFrameworksBuildPhase;
			buildActionMask = 2147483647;
			files = (
				CE0C99B3CF2679BD11A34035 /* Pods_swiftDDPTests.framework in Frameworks */,
			);
			runOnlyForDeploymentPostprocessing = 0;
		};
		325FB0E122B963C700844851 /* Frameworks */ = {
			isa = PBXFrameworksBuildPhase;
			buildActionMask = 2147483647;
			files = (
				D3B9017BB782286AA174910D /* Pods_swiftDDPUITests.framework in Frameworks */,
			);
			runOnlyForDeploymentPostprocessing = 0;
		};
/* End PBXFrameworksBuildPhase section */

/* Begin PBXGroup section */
		325FB0BC22B963C300844851 = {
			isa = PBXGroup;
			children = (
				325FB0C722B963C300844851 /* swiftDDP */,
				325FB0DC22B963C700844851 /* swiftDDPTests */,
				325FB0E722B963C700844851 /* swiftDDPUITests */,
				325FB0C622B963C300844851 /* Products */,
				62E8DFD9F66F38B8EBE5CD24 /* Pods */,
				77D5FDEAF78150823C0898CF /* Frameworks */,
			);
			sourceTree = "<group>";
		};
		325FB0C622B963C300844851 /* Products */ = {
			isa = PBXGroup;
			children = (
				325FB0C522B963C300844851 /* swiftDDP.app */,
				325FB0D922B963C700844851 /* swiftDDPTests.xctest */,
				325FB0E422B963C700844851 /* swiftDDPUITests.xctest */,
			);
			name = Products;
			sourceTree = "<group>";
		};
		325FB0C722B963C300844851 /* swiftDDP */ = {
			isa = PBXGroup;
			children = (
				325FB0C822B963C300844851 /* AppDelegate.swift */,
				328637CB22BA8DD400CD513C /* Controller */,
				328637CC22BA8DF600CD513C /* view */,
				325FB0CF22B963C700844851 /* Assets.xcassets */,
				325FB0D422B963C700844851 /* Info.plist */,
			);
			path = swiftDDP;
			sourceTree = "<group>";
		};
		325FB0DC22B963C700844851 /* swiftDDPTests */ = {
			isa = PBXGroup;
			children = (
				325FB0DD22B963C700844851 /* swiftDDPTests.swift */,
				325FB0DF22B963C700844851 /* Info.plist */,
			);
			path = swiftDDPTests;
			sourceTree = "<group>";
		};
		325FB0E722B963C700844851 /* swiftDDPUITests */ = {
			isa = PBXGroup;
			children = (
				325FB0E822B963C700844851 /* swiftDDPUITests.swift */,
				325FB0EA22B963C700844851 /* Info.plist */,
			);
			path = swiftDDPUITests;
			sourceTree = "<group>";
		};
		328637CB22BA8DD400CD513C /* Controller */ = {
			isa = PBXGroup;
			children = (
				325FB0CA22B963C300844851 /* ViewController.swift */,
				328637C322BA7E7A00CD513C /* LoginViewController.swift */,
				328637C522BA7E8F00CD513C /* MainViewController.swift */,
				328637C722BA7EA200CD513C /* AddPostViewController.swift */,
				328637C922BA84E600CD513C /* SignUpViewController.swift */,
			);
			path = Controller;
			sourceTree = "<group>";
		};
		328637CC22BA8DF600CD513C /* view */ = {
			isa = PBXGroup;
			children = (
				325FB0D122B963C700844851 /* LaunchScreen.storyboard */,
				325FB0CC22B963C300844851 /* Main.storyboard */,
			);
			path = view;
			sourceTree = "<group>";
		};
		62E8DFD9F66F38B8EBE5CD24 /* Pods */ = {
			isa = PBXGroup;
			children = (
				D28C416A58EF853AF0B364F5 /* Pods-swiftDDP.debug.xcconfig */,
				84282E36FAE9A22FB39B5CD3 /* Pods-swiftDDP.release.xcconfig */,
				F258440E5D5438F860C94D7A /* Pods-swiftDDPTests.debug.xcconfig */,
				9C66DC6F0412F0C45C469264 /* Pods-swiftDDPTests.release.xcconfig */,
				422B35A9BED92946B60A25A4 /* Pods-swiftDDPUITests.debug.xcconfig */,
				22BB8274811120B5A443D5C9 /* Pods-swiftDDPUITests.release.xcconfig */,
			);
			path = Pods;
			sourceTree = "<group>";
		};
		77D5FDEAF78150823C0898CF /* Frameworks */ = {
			isa = PBXGroup;
			children = (
				AEBCF0BCDD5BF99C5E95C094 /* Pods_swiftDDP.framework */,
				BDC551F230D7B16119582B2E /* Pods_swiftDDPTests.framework */,
				A78E28FFBDFAAB056FEF8AFC /* Pods_swiftDDPUITests.framework */,
			);
			name = Frameworks;
			sourceTree = "<group>";
		};
/* End PBXGroup section */

/* Begin PBXNativeTarget section */
		325FB0C422B963C300844851 /* swiftDDP */ = {
			isa = PBXNativeTarget;
			buildConfigurationList = 325FB0ED22B963C700844851 /* Build configuration list for PBXNativeTarget "swiftDDP" */;
			buildPhases = (
				830A59F15B2645B474CB63E5 /* [CP] Check Pods Manifest.lock */,
				325FB0C122B963C300844851 /* Sources */,
				325FB0C222B963C300844851 /* Frameworks */,
				325FB0C322B963C300844851 /* Resources */,
				4C7B84791980C316F002D692 /* [CP] Embed Pods Frameworks */,
			);
			buildRules = (
			);
			dependencies = (
			);
			name = swiftDDP;
			productName = swiftDDP;
			productReference = 325FB0C522B963C300844851 /* swiftDDP.app */;
			productType = "com.apple.product-type.application";
		};
		325FB0D822B963C700844851 /* swiftDDPTests */ = {
			isa = PBXNativeTarget;
			buildConfigurationList = 325FB0F022B963C700844851 /* Build configuration list for PBXNativeTarget "swiftDDPTests" */;
			buildPhases = (
				040B611B80D740EBCF3CCFBE /* [CP] Check Pods Manifest.lock */,
				325FB0D522B963C700844851 /* Sources */,
				325FB0D622B963C700844851 /* Frameworks */,
				325FB0D722B963C700844851 /* Resources */,
			);
			buildRules = (
			);
			dependencies = (
				325FB0DB22B963C700844851 /* PBXTargetDependency */,
			);
			name = swiftDDPTests;
			productName = swiftDDPTests;
			productReference = 325FB0D922B963C700844851 /* swiftDDPTests.xctest */;
			productType = "com.apple.product-type.bundle.unit-test";
		};
		325FB0E322B963C700844851 /* swiftDDPUITests */ = {
			isa = PBXNativeTarget;
			buildConfigurationList = 325FB0F322B963C700844851 /* Build configuration list for PBXNativeTarget "swiftDDPUITests" */;
			buildPhases = (
				E41F8B7F7BCAEE506C3D650A /* [CP] Check Pods Manifest.lock */,
				325FB0E022B963C700844851 /* Sources */,
				325FB0E122B963C700844851 /* Frameworks */,
				325FB0E222B963C700844851 /* Resources */,
			);
			buildRules = (
			);
			dependencies = (
				325FB0E622B963C700844851 /* PBXTargetDependency */,
			);
			name = swiftDDPUITests;
			productName = swiftDDPUITests;
			productReference = 325FB0E422B963C700844851 /* swiftDDPUITests.xctest */;
			productType = "com.apple.product-type.bundle.ui-testing";
		};
/* End PBXNativeTarget section */

/* Begin PBXProject section */
		325FB0BD22B963C300844851 /* Project object */ = {
			isa = PBXProject;
			attributes = {
				LastSwiftUpdateCheck = 1010;
				LastUpgradeCheck = 1010;
				ORGANIZATIONNAME = "Zyad Galal";
				TargetAttributes = {
					325FB0C422B963C300844851 = {
						CreatedOnToolsVersion = 10.1;
					};
					325FB0D822B963C700844851 = {
						CreatedOnToolsVersion = 10.1;
						TestTargetID = 325FB0C422B963C300844851;
					};
					325FB0E322B963C700844851 = {
						CreatedOnToolsVersion = 10.1;
						TestTargetID = 325FB0C422B963C300844851;
					};
				};
			};
			buildConfigurationList = 325FB0C022B963C300844851 /* Build configuration list for PBXProject "swiftDDP" */;
			compatibilityVersion = "Xcode 9.3";
			developmentRegion = en;
			hasScannedForEncodings = 0;
			knownRegions = (
				en,
				Base,
			);
			mainGroup = 325FB0BC22B963C300844851;
			productRefGroup = 325FB0C622B963C300844851 /* Products */;
			projectDirPath = "";
			projectRoot = "";
			targets = (
				325FB0C422B963C300844851 /* swiftDDP */,
				325FB0D822B963C700844851 /* swiftDDPTests */,
				325FB0E322B963C700844851 /* swiftDDPUITests */,
			);
		};
/* End PBXProject section */

/* Begin PBXResourcesBuildPhase section */
		325FB0C322B963C300844851 /* Resources */ = {
			isa = PBXResourcesBuildPhase;
			buildActionMask = 2147483647;
			files = (
				325FB0D322B963C700844851 /* LaunchScreen.storyboard in Resources */,
				325FB0D022B963C700844851 /* Assets.xcassets in Resources */,
				325FB0CE22B963C300844851 /* Main.storyboard in Resources */,
			);
			runOnlyForDeploymentPostprocessing = 0;
		};
		325FB0D722B963C700844851 /* Resources */ = {
			isa = PBXResourcesBuildPhase;
			buildActionMask = 2147483647;
			files = (
			);
			runOnlyForDeploymentPostprocessing = 0;
		};
		325FB0E222B963C700844851 /* Resources */ = {
			isa = PBXResourcesBuildPhase;
			buildActionMask = 2147483647;
			files = (
			);
			runOnlyForDeploymentPostprocessing = 0;
		};
/* End PBXResourcesBuildPhase section */

/* Begin PBXShellScriptBuildPhase section */
		040B611B80D740EBCF3CCFBE /* [CP] Check Pods Manifest.lock */ = {
			isa = PBXShellScriptBuildPhase;
			buildActionMask = 2147483647;
			files = (
			);
			inputFileListPaths = (
			);
			inputPaths = (
				"${PODS_PODFILE_DIR_PATH}/Podfile.lock",
				"${PODS_ROOT}/Manifest.lock",
			);
			name = "[CP] Check Pods Manifest.lock";
			outputFileListPaths = (
			);
			outputPaths = (
				"$(DERIVED_FILE_DIR)/Pods-swiftDDPTests-checkManifestLockResult.txt",
			);
			runOnlyForDeploymentPostprocessing = 0;
			shellPath = /bin/sh;
			shellScript = "diff \"${PODS_PODFILE_DIR_PATH}/Podfile.lock\" \"${PODS_ROOT}/Manifest.lock\" > /dev/null\nif [ $? != 0 ] ; then\n    # print error to STDERR\n    echo \"error: The sandbox is not in sync with the Podfile.lock. Run 'pod install' or update your CocoaPods installation.\" >&2\n    exit 1\nfi\n# This output is used by Xcode 'outputs' to avoid re-running this script phase.\necho \"SUCCESS\" > \"${SCRIPT_OUTPUT_FILE_0}\"\n";
			showEnvVarsInLog = 0;
		};
		4C7B84791980C316F002D692 /* [CP] Embed Pods Frameworks */ = {
			isa = PBXShellScriptBuildPhase;
			buildActionMask = 2147483647;
			files = (
			);
			inputFileListPaths = (
				"${PODS_ROOT}/Target Support Files/Pods-swiftDDP/Pods-swiftDDP-frameworks-${CONFIGURATION}-input-files.xcfilelist",
			);
			name = "[CP] Embed Pods Frameworks";
			outputFileListPaths = (
				"${PODS_ROOT}/Target Support Files/Pods-swiftDDP/Pods-swiftDDP-frameworks-${CONFIGURATION}-output-files.xcfilelist",
			);
			runOnlyForDeploymentPostprocessing = 0;
			shellPath = /bin/sh;
			shellScript = "\"${PODS_ROOT}/Target Support Files/Pods-swiftDDP/Pods-swiftDDP-frameworks.sh\"\n";
			showEnvVarsInLog = 0;
		};
		830A59F15B2645B474CB63E5 /* [CP] Check Pods Manifest.lock */ = {
			isa = PBXShellScriptBuildPhase;
			buildActionMask = 2147483647;
			files = (
			);
			inputFileListPaths = (
			);
			inputPaths = (
				"${PODS_PODFILE_DIR_PATH}/Podfile.lock",
				"${PODS_ROOT}/Manifest.lock",
			);
			name = "[CP] Check Pods Manifest.lock";
			outputFileListPaths = (
			);
			outputPaths = (
				"$(DERIVED_FILE_DIR)/Pods-swiftDDP-checkManifestLockResult.txt",
			);
			runOnlyForDeploymentPostprocessing = 0;
			shellPath = /bin/sh;
			shellScript = "diff \"${PODS_PODFILE_DIR_PATH}/Podfile.lock\" \"${PODS_ROOT}/Manifest.lock\" > /dev/null\nif [ $? != 0 ] ; then\n    # print error to STDERR\n    echo \"error: The sandbox is not in sync with the Podfile.lock. Run 'pod install' or update your CocoaPods installation.\" >&2\n    exit 1\nfi\n# This output is used by Xcode 'outputs' to avoid re-running this script phase.\necho \"SUCCESS\" > \"${SCRIPT_OUTPUT_FILE_0}\"\n";
			showEnvVarsInLog = 0;
		};
		E41F8B7F7BCAEE506C3D650A /* [CP] Check Pods Manifest.lock */ = {
			isa = PBXShellScriptBuildPhase;
			buildActionMask = 2147483647;
			files = (
			);
			inputFileListPaths = (
			);
			inputPaths = (
				"${PODS_PODFILE_DIR_PATH}/Podfile.lock",
				"${PODS_ROOT}/Manifest.lock",
			);
			name = "[CP] Check Pods Manifest.lock";
			outputFileListPaths = (
			);
			outputPaths = (
				"$(DERIVED_FILE_DIR)/Pods-swiftDDPUITests-checkManifestLockResult.txt",
			);
			runOnlyForDeploymentPostprocessing = 0;
			shellPath = /bin/sh;
			shellScript = "diff \"${PODS_PODFILE_DIR_PATH}/Podfile.lock\" \"${PODS_ROOT}/Manifest.lock\" > /dev/null\nif [ $? != 0 ] ; then\n    # print error to STDERR\n    echo \"error: The sandbox is not in sync with the Podfile.lock. Run 'pod install' or update your CocoaPods installation.\" >&2\n    exit 1\nfi\n# This output is used by Xcode 'outputs' to avoid re-running this script phase.\necho \"SUCCESS\" > \"${SCRIPT_OUTPUT_FILE_0}\"\n";
			showEnvVarsInLog = 0;
		};
/* End PBXShellScriptBuildPhase section */

/* Begin PBXSourcesBuildPhase section */
		325FB0C122B963C300844851 /* Sources */ = {
			isa = PBXSourcesBuildPhase;
			buildActionMask = 2147483647;
			files = (
				328637CA22BA84E600CD513C /* SignUpViewController.swift in Sources */,
				328637C422BA7E7A00CD513C /* LoginViewController.swift in Sources */,
				328637C822BA7EA200CD513C /* AddPostViewController.swift in Sources */,
				325FB0CB22B963C300844851 /* ViewController.swift in Sources */,
				325FB0C922B963C300844851 /* AppDelegate.swift in Sources */,
				328637C622BA7E8F00CD513C /* MainViewController.swift in Sources */,
			);
			runOnlyForDeploymentPostprocessing = 0;
		};
		325FB0D522B963C700844851 /* Sources */ = {
			isa = PBXSourcesBuildPhase;
			buildActionMask = 2147483647;
			files = (
				325FB0DE22B963C700844851 /* swiftDDPTests.swift in Sources */,
			);
			runOnlyForDeploymentPostprocessing = 0;
		};
		325FB0E022B963C700844851 /* Sources */ = {
			isa = PBXSourcesBuildPhase;
			buildActionMask = 2147483647;
			files = (
				325FB0E922B963C700844851 /* swiftDDPUITests.swift in Sources */,
			);
			runOnlyForDeploymentPostprocessing = 0;
		};
/* End PBXSourcesBuildPhase section */

/* Begin PBXTargetDependency section */
		325FB0DB22B963C700844851 /* PBXTargetDependency */ = {
			isa = PBXTargetDependency;
			target = 325FB0C422B963C300844851 /* swiftDDP */;
			targetProxy = 325FB0DA22B963C700844851 /* PBXContainerItemProxy */;
		};
		325FB0E622B963C700844851 /* PBXTargetDependency */ = {
			isa = PBXTargetDependency;
			target = 325FB0C422B963C300844851 /* swiftDDP */;
			targetProxy = 325FB0E522B963C700844851 /* PBXContainerItemProxy */;
		};
/* End PBXTargetDependency section */

/* Begin PBXVariantGroup section */
		325FB0CC22B963C300844851 /* Main.storyboard */ = {
			isa = PBXVariantGroup;
			children = (
				325FB0CD22B963C300844851 /* Base */,
			);
			name = Main.storyboard;
			sourceTree = "<group>";
		};
		325FB0D122B963C700844851 /* LaunchScreen.storyboard */ = {
			isa = PBXVariantGroup;
			children = (
				325FB0D222B963C700844851 /* Base */,
			);
			name = LaunchScreen.storyboard;
			sourceTree = "<group>";
		};
/* End PBXVariantGroup section */

/* Begin XCBuildConfiguration section */
		325FB0EB22B963C700844851 /* Debug */ = {
			isa = XCBuildConfiguration;
			buildSettings = {
				ALWAYS_SEARCH_USER_PATHS = NO;
				CLANG_ANALYZER_NONNULL = YES;
				CLANG_ANALYZER_NUMBER_OBJECT_CONVERSION = YES_AGGRESSIVE;
				CLANG_CXX_LANGUAGE_STANDARD = "gnu++14";
				CLANG_CXX_LIBRARY = "libc++";
				CLANG_ENABLE_MODULES = YES;
				CLANG_ENABLE_OBJC_ARC = YES;
				CLANG_ENABLE_OBJC_WEAK = YES;
				CLANG_WARN_BLOCK_CAPTURE_AUTORELEASING = YES;
				CLANG_WARN_BOOL_CONVERSION = YES;
				CLANG_WARN_COMMA = YES;
				CLANG_WARN_CONSTANT_CONVERSION = YES;
				CLANG_WARN_DEPRECATED_OBJC_IMPLEMENTATIONS = YES;
				CLANG_WARN_DIRECT_OBJC_ISA_USAGE = YES_ERROR;
				CLANG_WARN_DOCUMENTATION_COMMENTS = YES;
				CLANG_WARN_EMPTY_BODY = YES;
				CLANG_WARN_ENUM_CONVERSION = YES;
				CLANG_WARN_INFINITE_RECURSION = YES;
				CLANG_WARN_INT_CONVERSION = YES;
				CLANG_WARN_NON_LITERAL_NULL_CONVERSION = YES;
				CLANG_WARN_OBJC_IMPLICIT_RETAIN_SELF = YES;
				CLANG_WARN_OBJC_LITERAL_CONVERSION = YES;
				CLANG_WARN_OBJC_ROOT_CLASS = YES_ERROR;
				CLANG_WARN_RANGE_LOOP_ANALYSIS = YES;
				CLANG_WARN_STRICT_PROTOTYPES = YES;
				CLANG_WARN_SUSPICIOUS_MOVE = YES;
				CLANG_WARN_UNGUARDED_AVAILABILITY = YES_AGGRESSIVE;
				CLANG_WARN_UNREACHABLE_CODE = YES;
				CLANG_WARN__DUPLICATE_METHOD_MATCH = YES;
				CODE_SIGN_IDENTITY = "iPhone Developer";
				COPY_PHASE_STRIP = NO;
				DEBUG_INFORMATION_FORMAT = dwarf;
				ENABLE_STRICT_OBJC_MSGSEND = YES;
				ENABLE_TESTABILITY = YES;
				GCC_C_LANGUAGE_STANDARD = gnu11;
				GCC_DYNAMIC_NO_PIC = NO;
				GCC_NO_COMMON_BLOCKS = YES;
				GCC_OPTIMIZATION_LEVEL = 0;
				GCC_PREPROCESSOR_DEFINITIONS = (
					"DEBUG=1",
					"$(inherited)",
				);
				GCC_WARN_64_TO_32_BIT_CONVERSION = YES;
				GCC_WARN_ABOUT_RETURN_TYPE = YES_ERROR;
				GCC_WARN_UNDECLARED_SELECTOR = YES;
				GCC_WARN_UNINITIALIZED_AUTOS = YES_AGGRESSIVE;
				GCC_WARN_UNUSED_FUNCTION = YES;
				GCC_WARN_UNUSED_VARIABLE = YES;
				IPHONEOS_DEPLOYMENT_TARGET = 12.1;
				MTL_ENABLE_DEBUG_INFO = INCLUDE_SOURCE;
				MTL_FAST_MATH = YES;
				ONLY_ACTIVE_ARCH = YES;
				SDKROOT = iphoneos;
				SWIFT_ACTIVE_COMPILATION_CONDITIONS = DEBUG;
				SWIFT_OPTIMIZATION_LEVEL = "-Onone";
			};
			name = Debug;
		};
		325FB0EC22B963C700844851 /* Release */ = {
			isa = XCBuildConfiguration;
			buildSettings = {
				ALWAYS_SEARCH_USER_PATHS = NO;
				CLANG_ANALYZER_NONNULL = YES;
				CLANG_ANALYZER_NUMBER_OBJECT_CONVERSION = YES_AGGRESSIVE;
				CLANG_CXX_LANGUAGE_STANDARD = "gnu++14";
				CLANG_CXX_LIBRARY = "libc++";
				CLANG_ENABLE_MODULES = YES;
				CLANG_ENABLE_OBJC_ARC = YES;
				CLANG_ENABLE_OBJC_WEAK = YES;
				CLANG_WARN_BLOCK_CAPTURE_AUTORELEASING = YES;
				CLANG_WARN_BOOL_CONVERSION = YES;
				CLANG_WARN_COMMA = YES;
				CLANG_WARN_CONSTANT_CONVERSION = YES;
				CLANG_WARN_DEPRECATED_OBJC_IMPLEMENTATIONS = YES;
				CLANG_WARN_DIRECT_OBJC_ISA_USAGE = YES_ERROR;
				CLANG_WARN_DOCUMENTATION_COMMENTS = YES;
				CLANG_WARN_EMPTY_BODY = YES;
				CLANG_WARN_ENUM_CONVERSION = YES;
				CLANG_WARN_INFINITE_RECURSION = YES;
				CLANG_WARN_INT_CONVERSION = YES;
				CLANG_WARN_NON_LITERAL_NULL_CONVERSION = YES;
				CLANG_WARN_OBJC_IMPLICIT_RETAIN_SELF = YES;
				CLANG_WARN_OBJC_LITERAL_CONVERSION = YES;
				CLANG_WARN_OBJC_ROOT_CLASS = YES_ERROR;
				CLANG_WARN_RANGE_LOOP_ANALYSIS = YES;
				CLANG_WARN_STRICT_PROTOTYPES = YES;
				CLANG_WARN_SUSPICIOUS_MOVE = YES;
				CLANG_WARN_UNGUARDED_AVAILABILITY = YES_AGGRESSIVE;
				CLANG_WARN_UNREACHABLE_CODE = YES;
				CLANG_WARN__DUPLICATE_METHOD_MATCH = YES;
				CODE_SIGN_IDENTITY = "iPhone Developer";
				COPY_PHASE_STRIP = NO;
				DEBUG_INFORMATION_FORMAT = "dwarf-with-dsym";
				ENABLE_NS_ASSERTIONS = NO;
				ENABLE_STRICT_OBJC_MSGSEND = YES;
				GCC_C_LANGUAGE_STANDARD = gnu11;
				GCC_NO_COMMON_BLOCKS = YES;
				GCC_WARN_64_TO_32_BIT_CONVERSION = YES;
				GCC_WARN_ABOUT_RETURN_TYPE = YES_ERROR;
				GCC_WARN_UNDECLARED_SELECTOR = YES;
				GCC_WARN_UNINITIALIZED_AUTOS = YES_AGGRESSIVE;
				GCC_WARN_UNUSED_FUNCTION = YES;
				GCC_WARN_UNUSED_VARIABLE = YES;
				IPHONEOS_DEPLOYMENT_TARGET = 12.1;
				MTL_ENABLE_DEBUG_INFO = NO;
				MTL_FAST_MATH = YES;
				SDKROOT = iphoneos;
				SWIFT_COMPILATION_MODE = wholemodule;
				SWIFT_OPTIMIZATION_LEVEL = "-O";
				VALIDATE_PRODUCT = YES;
			};
			name = Release;
		};
		325FB0EE22B963C700844851 /* Debug */ = {
			isa = XCBuildConfiguration;
			baseConfigurationReference = D28C416A58EF853AF0B364F5 /* Pods-swiftDDP.debug.xcconfig */;
			buildSettings = {
				ASSETCATALOG_COMPILER_APPICON_NAME = AppIcon;
				CODE_SIGN_STYLE = Automatic;
				DEVELOPMENT_TEAM = MLXYZ7TJ5Q;
				INFOPLIST_FILE = swiftDDP/Info.plist;
				LD_RUNPATH_SEARCH_PATHS = (
					"$(inherited)",
					"@executable_path/Frameworks",
				);
				PRODUCT_BUNDLE_IDENTIFIER = com.BlindInCo.swiftDDP;
				PRODUCT_NAME = "$(TARGET_NAME)";
				SWIFT_VERSION = 4.2;
				TARGETED_DEVICE_FAMILY = "1,2";
			};
			name = Debug;
		};
		325FB0EF22B963C700844851 /* Release */ = {
			isa = XCBuildConfiguration;
			baseConfigurationReference = 84282E36FAE9A22FB39B5CD3 /* Pods-swiftDDP.release.xcconfig */;
			buildSettings = {
				ASSETCATALOG_COMPILER_APPICON_NAME = AppIcon;
				CODE_SIGN_STYLE = Automatic;
				DEVELOPMENT_TEAM = MLXYZ7TJ5Q;
				INFOPLIST_FILE = swiftDDP/Info.plist;
				LD_RUNPATH_SEARCH_PATHS = (
					"$(inherited)",
					"@executable_path/Frameworks",
				);
				PRODUCT_BUNDLE_IDENTIFIER = com.BlindInCo.swiftDDP;
				PRODUCT_NAME = "$(TARGET_NAME)";
				SWIFT_VERSION = 4.2;
				TARGETED_DEVICE_FAMILY = "1,2";
			};
			name = Release;
		};
		325FB0F122B963C700844851 /* Debug */ = {
			isa = XCBuildConfiguration;
			baseConfigurationReference = F258440E5D5438F860C94D7A /* Pods-swiftDDPTests.debug.xcconfig */;
			buildSettings = {
				ALWAYS_EMBED_SWIFT_STANDARD_LIBRARIES = YES;
				BUNDLE_LOADER = "$(TEST_HOST)";
				CODE_SIGN_STYLE = Automatic;
				DEVELOPMENT_TEAM = MLXYZ7TJ5Q;
				INFOPLIST_FILE = swiftDDPTests/Info.plist;
				LD_RUNPATH_SEARCH_PATHS = (
					"$(inherited)",
					"@executable_path/Frameworks",
					"@loader_path/Frameworks",
				);
				PRODUCT_BUNDLE_IDENTIFIER = com.BlindInCo.swiftDDPTests;
				PRODUCT_NAME = "$(TARGET_NAME)";
				SWIFT_VERSION = 4.2;
				TARGETED_DEVICE_FAMILY = "1,2";
				TEST_HOST = "$(BUILT_PRODUCTS_DIR)/swiftDDP.app/swiftDDP";
			};
			name = Debug;
		};
		325FB0F222B963C700844851 /* Release */ = {
			isa = XCBuildConfiguration;
			baseConfigurationReference = 9C66DC6F0412F0C45C469264 /* Pods-swiftDDPTests.release.xcconfig */;
			buildSettings = {
				ALWAYS_EMBED_SWIFT_STANDARD_LIBRARIES = YES;
				BUNDLE_LOADER = "$(TEST_HOST)";
				CODE_SIGN_STYLE = Automatic;
				DEVELOPMENT_TEAM = MLXYZ7TJ5Q;
				INFOPLIST_FILE = swiftDDPTests/Info.plist;
				LD_RUNPATH_SEARCH_PATHS = (
					"$(inherited)",
					"@executable_path/Frameworks",
					"@loader_path/Frameworks",
				);
				PRODUCT_BUNDLE_IDENTIFIER = com.BlindInCo.swiftDDPTests;
				PRODUCT_NAME = "$(TARGET_NAME)";
				SWIFT_VERSION = 4.2;
				TARGETED_DEVICE_FAMILY = "1,2";
				TEST_HOST = "$(BUILT_PRODUCTS_DIR)/swiftDDP.app/swiftDDP";
			};
			name = Release;
		};
		325FB0F422B963C700844851 /* Debug */ = {
			isa = XCBuildConfiguration;
			baseConfigurationReference = 422B35A9BED92946B60A25A4 /* Pods-swiftDDPUITests.debug.xcconfig */;
			buildSettings = {
				ALWAYS_EMBED_SWIFT_STANDARD_LIBRARIES = YES;
				CODE_SIGN_STYLE = Automatic;
				DEVELOPMENT_TEAM = MLXYZ7TJ5Q;
				INFOPLIST_FILE = swiftDDPUITests/Info.plist;
				LD_RUNPATH_SEARCH_PATHS = (
					"$(inherited)",
					"@executable_path/Frameworks",
					"@loader_path/Frameworks",
				);
				PRODUCT_BUNDLE_IDENTIFIER = com.BlindInCo.swiftDDPUITests;
				PRODUCT_NAME = "$(TARGET_NAME)";
				SWIFT_VERSION = 4.2;
				TARGETED_DEVICE_FAMILY = "1,2";
				TEST_TARGET_NAME = swiftDDP;
			};
			name = Debug;
		};
		325FB0F522B963C700844851 /* Release */ = {
			isa = XCBuildConfiguration;
			baseConfigurationReference = 22BB8274811120B5A443D5C9 /* Pods-swiftDDPUITests.release.xcconfig */;
			buildSettings = {
				ALWAYS_EMBED_SWIFT_STANDARD_LIBRARIES = YES;
				CODE_SIGN_STYLE = Automatic;
				DEVELOPMENT_TEAM = MLXYZ7TJ5Q;
				INFOPLIST_FILE = swiftDDPUITests/Info.plist;
				LD_RUNPATH_SEARCH_PATHS = (
					"$(inherited)",
					"@executable_path/Frameworks",
					"@loader_path/Frameworks",
				);
				PRODUCT_BUNDLE_IDENTIFIER = com.BlindInCo.swiftDDPUITests;
				PRODUCT_NAME = "$(TARGET_NAME)";
				SWIFT_VERSION = 4.2;
				TARGETED_DEVICE_FAMILY = "1,2";
				TEST_TARGET_NAME = swiftDDP;
			};
			name = Release;
		};
/* End XCBuildConfiguration section */

/* Begin XCConfigurationList section */
		325FB0C022B963C300844851 /* Build configuration list for PBXProject "swiftDDP" */ = {
			isa = XCConfigurationList;
			buildConfigurations = (
				325FB0EB22B963C700844851 /* Debug */,
				325FB0EC22B963C700844851 /* Release */,
			);
			defaultConfigurationIsVisible = 0;
			defaultConfigurationName = Release;
		};
		325FB0ED22B963C700844851 /* Build configuration list for PBXNativeTarget "swiftDDP" */ = {
			isa = XCConfigurationList;
			buildConfigurations = (
				325FB0EE22B963C700844851 /* Debug */,
				325FB0EF22B963C700844851 /* Release */,
			);
			defaultConfigurationIsVisible = 0;
			defaultConfigurationName = Release;
		};
		325FB0F022B963C700844851 /* Build configuration list for PBXNativeTarget "swiftDDPTests" */ = {
			isa = XCConfigurationList;
			buildConfigurations = (
				325FB0F122B963C700844851 /* Debug */,
				325FB0F222B963C700844851 /* Release */,
			);
			defaultConfigurationIsVisible = 0;
			defaultConfigurationName = Release;
		};
		325FB0F322B963C700844851 /* Build configuration list for PBXNativeTarget "swiftDDPUITests" */ = {
			isa = XCConfigurationList;
			buildConfigurations = (
				325FB0F422B963C700844851 /* Debug */,
				325FB0F522B963C700844851 /* Release */,
			);
			defaultConfigurationIsVisible = 0;
			defaultConfigurationName = Release;
		};
/* End XCConfigurationList section */
	};
	rootObject = 325FB0BD22B963C300844851 /* Project object */;
}
